
Microsoft Visual Studio Solution File, Format Version 12.00
# Visual Studio Version 16
VisualStudioVersion = 16.0.31424.327
MinimumVisualStudioVersion = 10.0.40219.1
Project("{FAE04EC0-301F-11D3-BF4B-00C04F79EFBC}") = "NewServer", "NewServer\NewServer.csproj", "{066C5996-CE3B-4FA4-AA33-C4392E97D587}"
EndProject
Global
	GlobalSection(SolutionConfigurationPlatforms) = preSolution
		Debug|Any CPU = Debug|Any CPU
		Release|Any CPU = Release|Any CPU
	EndGlobalSection
	GlobalSection(ProjectConfigurationPlatforms) = postSolution
		{066C5996-CE3B-4FA4-AA33-C4392E97D587}.Debug|Any CPU.ActiveCfg = Debug|Any CPU
		{066C5996-CE3B-4FA4-AA33-C4392E97D587}.Debug|Any CPU.Build.0 = Debug|Any CPU
		{066C5996-CE3B-4FA4-AA33-C4392E97D587}.Release|Any CPU.ActiveCfg = Release|Any CPU
		{066C5996-CE3B-4FA4-AA33-C4392E97D587}.Release|Any CPU.Build.0 = Release|Any CPU
	EndGlobalSection
	GlobalSection(SolutionProperties) = preSolution
		HideSolutionNode = FALSE
	EndGlobalSection
	GlobalSection(ExtensibilityGlobals) = postSolution
		SolutionGuid = {AB8067BA-AF18-4DF1-9F87-73F1C725A2AE}
	EndGlobalSection
EndGlobal
